Microsoft Visual Studio Solution File, Format Version 12.00
# Visual Studio Version 17
VisualStudioVersion = 17.5.2.0
MinimumVisualStudioVersion = 10.0.40219.1
Project("{FAE04EC0-301F-11D3-BF4B-00C04F79EFBC}") = "aspnetapi", "aspnetapi.csproj", "{AA91DC84-B3DA-2F74-0442-168AEA32EBA1}"
EndProject
Global
	GlobalSection(SolutionConfigurationPlatforms) = preSolution
		Debug|Any CPU = Debug|Any CPU
		Release|Any CPU = Release|Any CPU
	EndGlobalSection
	GlobalSection(ProjectConfigurationPlatforms) = postSolution
		{AA91DC84-B3DA-2F74-0442-168AEA32EBA1}.Debug|Any CPU.ActiveCfg = Debug|Any CPU
		{AA91DC84-B3DA-2F74-0442-168AEA32EBA1}.Debug|Any CPU.Build.0 = Debug|Any CPU
		{AA91DC84-B3DA-2F74-0442-168AEA32EBA1}.Release|Any CPU.ActiveCfg = Release|Any CPU
		{AA91DC84-B3DA-2F74-0442-168AEA32EBA1}.Release|Any CPU.Build.0 = Release|Any CPU
	EndGlobalSection
	GlobalSection(SolutionProperties) = preSolution
		HideSolutionNode = FALSE
	EndGlobalSection
	GlobalSection(ExtensibilityGlobals) = postSolution
		SolutionGuid = {4F07CA63-D310-40EA-9508-F45BC949C659}
	EndGlobalSection
EndGlobal
